
Microsoft Visual Studio Solution File, Format Version 12.00
# Visual Studio Version 17
VisualStudioVersion = 17.5.33502.453
MinimumVisualStudioVersion = 10.0.40219.1
Project("{9A19103F-16F7-4668-BE54-9A1E7A4F7556}") = "CCUserService", "CCUserService\CCUserService.csproj", "{B6849A00-4ECB-412D-B072-536CF6E770AA}"
EndProject
Project("{FAE04EC0-301F-11D3-BF4B-00C04F79EFBC}") = "CCApiLibrary", "CCApiLibrary\CCApiLibrary.csproj", "{4026136F-F830-4CA0-B48D-0A5D64B6853D}"
EndProject
Global
	GlobalSection(SolutionConfigurationPlatforms) = preSolution
		Debug|Any CPU = Debug|Any CPU
		Release|Any CPU = Release|Any CPU
	EndGlobalSection
	GlobalSection(ProjectConfigurationPlatforms) = postSolution
		{B6849A00-4ECB-412D-B072-536CF6E770AA}.Debug|Any CPU.ActiveCfg = Debug|Any CPU
		{B6849A00-4ECB-412D-B072-536CF6E770AA}.Debug|Any CPU.Build.0 = Debug|Any CPU
		{B6849A00-4ECB-412D-B072-536CF6E770AA}.Release|Any CPU.ActiveCfg = Release|Any CPU
		{B6849A00-4ECB-412D-B072-536CF6E770AA}.Release|Any CPU.Build.0 = Release|Any CPU
		{4026136F-F830-4CA0-B48D-0A5D64B6853D}.Debug|Any CPU.ActiveCfg = Debug|Any CPU
		{4026136F-F830-4CA0-B48D-0A5D64B6853D}.Debug|Any CPU.Build.0 = Debug|Any CPU
		{4026136F-F830-4CA0-B48D-0A5D64B6853D}.Release|Any CPU.ActiveCfg = Release|Any CPU
		{4026136F-F830-4CA0-B48D-0A5D64B6853D}.Release|Any CPU.Build.0 = Release|Any CPU
	EndGlobalSection
	GlobalSection(SolutionProperties) = preSolution
		HideSolutionNode = FALSE
	EndGlobalSection
	GlobalSection(ExtensibilityGlobals) = postSolution
		SolutionGuid = {0D3F3A31-5EA0-4179-903C-3DF6D3A327A8}
	EndGlobalSection
EndGlobal
